
Microsoft Visual Studio Solution File, Format Version 12.00
# Visual Studio Version 16
VisualStudioVersion = 16.0.28531.58
MinimumVisualStudioVersion = 10.0.40219.1
Project("{9A19103F-16F7-4668-BE54-9A1E7A4F7556}") = "CoreApp.IpWhitelist", "CoreApp.IpWhitelist\CoreApp.IpWhitelist.csproj", "{A4C63487-EC88-47C5-9425-C9C3C928079F}"
EndProject
Project("{9A19103F-16F7-4668-BE54-9A1E7A4F7556}") = "CoreApp.WebApi", "CoreApp.WebApi\CoreApp.WebApi.csproj", "{39064316-FE18-4E79-B78A-CD451F995CE0}"
EndProject
Project("{2150E333-8FDC-42A3-9474-1A3956D46DE8}") = "Solution Items", "Solution Items", "{B61DD7BA-D915-43F6-8ED6-973BE3A1D42C}"
	ProjectSection(SolutionItems) = preProject
		.editorconfig = .editorconfig
	EndProjectSection
EndProject
Project("{9A19103F-16F7-4668-BE54-9A1E7A4F7556}") = "CoreApp.ModelStateValidation", "CoreApp.ModelStateValidation\CoreApp.ModelStateValidation.csproj", "{4525C127-EDA5-42C3-8EC2-065932E4A7D3}"
EndProject
Project("{9A19103F-16F7-4668-BE54-9A1E7A4F7556}") = "CoreApp.ApiCache", "CoreApp.ApiCache\CoreApp.ApiCache.csproj", "{88E6C798-9878-4C6C-855B-3AB4672EDD1C}"
EndProject
Project("{9A19103F-16F7-4668-BE54-9A1E7A4F7556}") = "CoreApp.DataAccess", "CoreApp.DataAccess\CoreApp.DataAccess.csproj", "{DCE2D242-B849-469B-9C96-BE7075B03ED0}"
EndProject
Project("{9A19103F-16F7-4668-BE54-9A1E7A4F7556}") = "CoreApp.Account.Provider", "AppCore.Account.Provider\CoreApp.Account.Provider.csproj", "{A438DB0D-2C8A-46B5-8B16-BBC0FC54A15D}"
EndProject
Project("{9A19103F-16F7-4668-BE54-9A1E7A4F7556}") = "CoreApp.Account.Model", "AppCore.Account.Model\CoreApp.Account.Model.csproj", "{A6D6B7CF-7F7C-4DE2-AD57-F536E80E6C57}"
EndProject
Project("{9A19103F-16F7-4668-BE54-9A1E7A4F7556}") = "CoreApp.Account.ViewModel", "AppCore.Account.ViewModel\CoreApp.Account.ViewModel.csproj", "{87BE6773-D5F9-42ED-9605-CDBB793E7A08}"
EndProject
Project("{FAE04EC0-301F-11D3-BF4B-00C04F79EFBC}") = "CoreApp.Account.Repository", "CoreApp.Repository\CoreApp.Account.Repository.csproj", "{A7745F56-976A-4028-85F7-642608429528}"
EndProject
Project("{FAE04EC0-301F-11D3-BF4B-00C04F79EFBC}") = "CoreApp.Order.Model", "CoreApp.Order.Model\CoreApp.Order.Model.csproj", "{04515407-3D1D-4A44-A0E1-343667564CF3}"
EndProject
Project("{FAE04EC0-301F-11D3-BF4B-00C04F79EFBC}") = "CoreApp.Order.Repository", "CoreApp.Order.Repository\CoreApp.Order.Repository.csproj", "{4FDD1D62-AC47-411F-90FE-32A06EED193F}"
EndProject
Global
	GlobalSection(SolutionConfigurationPlatforms) = preSolution
		Debug|Any CPU = Debug|Any CPU
		Release|Any CPU = Release|Any CPU
	EndGlobalSection
	GlobalSection(ProjectConfigurationPlatforms) = postSolution
		{A4C63487-EC88-47C5-9425-C9C3C928079F}.Debug|Any CPU.ActiveCfg = Debug|Any CPU
		{A4C63487-EC88-47C5-9425-C9C3C928079F}.Debug|Any CPU.Build.0 = Debug|Any CPU
		{A4C63487-EC88-47C5-9425-C9C3C928079F}.Release|Any CPU.ActiveCfg = Release|Any CPU
		{A4C63487-EC88-47C5-9425-C9C3C928079F}.Release|Any CPU.Build.0 = Release|Any CPU
		{39064316-FE18-4E79-B78A-CD451F995CE0}.Debug|Any CPU.ActiveCfg = Debug|Any CPU
		{39064316-FE18-4E79-B78A-CD451F995CE0}.Debug|Any CPU.Build.0 = Debug|Any CPU
		{39064316-FE18-4E79-B78A-CD451F995CE0}.Release|Any CPU.ActiveCfg = Release|Any CPU
		{39064316-FE18-4E79-B78A-CD451F995CE0}.Release|Any CPU.Build.0 = Release|Any CPU
		{4525C127-EDA5-42C3-8EC2-065932E4A7D3}.Debug|Any CPU.ActiveCfg = Debug|Any CPU
		{4525C127-EDA5-42C3-8EC2-065932E4A7D3}.Debug|Any CPU.Build.0 = Debug|Any CPU
		{4525C127-EDA5-42C3-8EC2-065932E4A7D3}.Release|Any CPU.ActiveCfg = Release|Any CPU
		{4525C127-EDA5-42C3-8EC2-065932E4A7D3}.Release|Any CPU.Build.0 = Release|Any CPU
		{88E6C798-9878-4C6C-855B-3AB4672EDD1C}.Debug|Any CPU.ActiveCfg = Debug|Any CPU
		{88E6C798-9878-4C6C-855B-3AB4672EDD1C}.Debug|Any CPU.Build.0 = Debug|Any CPU
		{88E6C798-9878-4C6C-855B-3AB4672EDD1C}.Release|Any CPU.ActiveCfg = Release|Any CPU
		{88E6C798-9878-4C6C-855B-3AB4672EDD1C}.Release|Any CPU.Build.0 = Release|Any CPU
		{DCE2D242-B849-469B-9C96-BE7075B03ED0}.Debug|Any CPU.ActiveCfg = Debug|Any CPU
		{DCE2D242-B849-469B-9C96-BE7075B03ED0}.Debug|Any CPU.Build.0 = Debug|Any CPU
		{DCE2D242-B849-469B-9C96-BE7075B03ED0}.Release|Any CPU.ActiveCfg = Release|Any CPU
		{DCE2D242-B849-469B-9C96-BE7075B03ED0}.Release|Any CPU.Build.0 = Release|Any CPU
		{A438DB0D-2C8A-46B5-8B16-BBC0FC54A15D}.Debug|Any CPU.ActiveCfg = Debug|Any CPU
		{A438DB0D-2C8A-46B5-8B16-BBC0FC54A15D}.Debug|Any CPU.Build.0 = Debug|Any CPU
		{A438DB0D-2C8A-46B5-8B16-BBC0FC54A15D}.Release|Any CPU.ActiveCfg = Release|Any CPU
		{A438DB0D-2C8A-46B5-8B16-BBC0FC54A15D}.Release|Any CPU.Build.0 = Release|Any CPU
		{A6D6B7CF-7F7C-4DE2-AD57-F536E80E6C57}.Debug|Any CPU.ActiveCfg = Debug|Any CPU
		{A6D6B7CF-7F7C-4DE2-AD57-F536E80E6C57}.Debug|Any CPU.Build.0 = Debug|Any CPU
		{A6D6B7CF-7F7C-4DE2-AD57-F536E80E6C57}.Release|Any CPU.ActiveCfg = Release|Any CPU
		{A6D6B7CF-7F7C-4DE2-AD57-F536E80E6C57}.Release|Any CPU.Build.0 = Release|Any CPU
		{87BE6773-D5F9-42ED-9605-CDBB793E7A08}.Debug|Any CPU.ActiveCfg = Debug|Any CPU
		{87BE6773-D5F9-42ED-9605-CDBB793E7A08}.Debug|Any CPU.Build.0 = Debug|Any CPU
		{87BE6773-D5F9-42ED-9605-CDBB793E7A08}.Release|Any CPU.ActiveCfg = Release|Any CPU
		{87BE6773-D5F9-42ED-9605-CDBB793E7A08}.Release|Any CPU.Build.0 = Release|Any CPU
		{A7745F56-976A-4028-85F7-642608429528}.Debug|Any CPU.ActiveCfg = Debug|Any CPU
		{A7745F56-976A-4028-85F7-642608429528}.Debug|Any CPU.Build.0 = Debug|Any CPU
		{A7745F56-976A-4028-85F7-642608429528}.Release|Any CPU.ActiveCfg = Release|Any CPU
		{A7745F56-976A-4028-85F7-642608429528}.Release|Any CPU.Build.0 = Release|Any CPU
		{04515407-3D1D-4A44-A0E1-343667564CF3}.Debug|Any CPU.ActiveCfg = Debug|Any CPU
		{04515407-3D1D-4A44-A0E1-343667564CF3}.Debug|Any CPU.Build.0 = Debug|Any CPU
		{04515407-3D1D-4A44-A0E1-343667564CF3}.Release|Any CPU.ActiveCfg = Release|Any CPU
		{04515407-3D1D-4A44-A0E1-343667564CF3}.Release|Any CPU.Build.0 = Release|Any CPU
		{4FDD1D62-AC47-411F-90FE-32A06EED193F}.Debug|Any CPU.ActiveCfg = Debug|Any CPU
		{4FDD1D62-AC47-411F-90FE-32A06EED193F}.Debug|Any CPU.Build.0 = Debug|Any CPU
		{4FDD1D62-AC47-411F-90FE-32A06EED193F}.Release|Any CPU.ActiveCfg = Release|Any CPU
		{4FDD1D62-AC47-411F-90FE-32A06EED193F}.Release|Any CPU.Build.0 = Release|Any CPU
	EndGlobalSection
	GlobalSection(SolutionProperties) = preSolution
		HideSolutionNode = FALSE
	EndGlobalSection
	GlobalSection(ExtensibilityGlobals) = postSolution
		SolutionGuid = {8AEEE03F-7548-42AC-9C3F-848A80317048}
	EndGlobalSection
EndGlobal
